# @generated by Move, please check-in and do not edit manually.

[move]
version = 3
manifest_digest = "34F96FA5786606046BA3CAE04A8673F5FFF5E70E7EFEC0FB52ADD08FB3D70BA3"
deps_digest = "F8BBB0CCB2491CA29A3DF03D6F92277A4F3574266507ACD77214D37ECA3F3082"
dependencies = [
  { id = "Sui", name = "Sui" },
]

[[move.package]]
id = "MoveStdlib"
source = { git = "https://github.com/MystenLabs/sui.git", rev = "framework/testnet", subdir = "crates/sui-framework/packages/move-stdlib" }

[[move.package]]
id = "Sui"
source = { git = "https://github.com/MystenLabs/sui.git", rev = "framework/testnet", subdir = "crates/sui-framework/packages/sui-framework" }

dependencies = [
  { id = "MoveStdlib", name = "MoveStdlib" },
]

[move.toolchain-version]
compiler-version = "1.49.1"
edition = "2024.beta"
flavor = "sui"

[env]

[env.mainnet]
chain-id = "35834a8a"
original-published-id = "0x77e4547a82e270b12216d01a49e58838287202375efe2cd97570223d9b6cdac4"
latest-published-id = "0x77e4547a82e270b12216d01a49e58838287202375efe2cd97570223d9b6cdac4"
published-version = "1"

[env.testnet]
chain-id = "4c78adac"
original-published-id = "0x5c390894edc1f5ef2fff3b906c2b42374b33fcd2694a38d972207129046779e1"
latest-published-id = "0x5c390894edc1f5ef2fff3b906c2b42374b33fcd2694a38d972207129046779e1"
published-version = "1"
